
Microsoft Visual Studio Solution File, Format Version 12.00
# Visual Studio Version 16
VisualStudioVersion = 16.0.30503.244
MinimumVisualStudioVersion = 10.0.40219.1
Project("{FAE04EC0-301F-11D3-BF4B-00C04F79EFBC}") = "1 zavd", "1 zavd\1 zavd.csproj", "{0FD2B238-C339-4B85-8ACA-21FE11C9AE04}"
EndProject
Global
	GlobalSection(SolutionConfigurationPlatforms) = preSolution
		Debug|Any CPU = Debug|Any CPU
		Release|Any CPU = Release|Any CPU
	EndGlobalSection
	GlobalSection(ProjectConfigurationPlatforms) = postSolution
		{0FD2B238-C339-4B85-8ACA-21FE11C9AE04}.Debug|Any CPU.ActiveCfg = Debug|Any CPU
		{0FD2B238-C339-4B85-8ACA-21FE11C9AE04}.Debug|Any CPU.Build.0 = Debug|Any CPU
		{0FD2B238-C339-4B85-8ACA-21FE11C9AE04}.Release|Any CPU.ActiveCfg = Release|Any CPU
		{0FD2B238-C339-4B85-8ACA-21FE11C9AE04}.Release|Any CPU.Build.0 = Release|Any CPU
	EndGlobalSection
	GlobalSection(SolutionProperties) = preSolution
		HideSolutionNode = FALSE
	EndGlobalSection
	GlobalSection(ExtensibilityGlobals) = postSolution
		SolutionGuid = {701F5611-922E-4F51-BF13-EFCCEF412B25}
	EndGlobalSection
EndGlobal
